
Microsoft Visual Studio Solution File, Format Version 12.00
# Visual Studio Version 17
VisualStudioVersion = 17.1.31911.260
MinimumVisualStudioVersion = 10.0.40219.1
Project("{FAE04EC0-301F-11D3-BF4B-00C04F79EFBC}") = "QuanLyKho", "QuanLyKho\QuanLyKho.csproj", "{2D02C797-2C5D-4090-BEBE-A1C2CE40F35D}"
EndProject
Global
	GlobalSection(SolutionConfigurationPlatforms) = preSolution
		Debug|Any CPU = Debug|Any CPU
		Release|Any CPU = Release|Any CPU
	EndGlobalSection
	GlobalSection(ProjectConfigurationPlatforms) = postSolution
		{2D02C797-2C5D-4090-BEBE-A1C2CE40F35D}.Debug|Any CPU.ActiveCfg = Debug|Any CPU
		{2D02C797-2C5D-4090-BEBE-A1C2CE40F35D}.Debug|Any CPU.Build.0 = Debug|Any CPU
		{2D02C797-2C5D-4090-BEBE-A1C2CE40F35D}.Release|Any CPU.ActiveCfg = Release|Any CPU
		{2D02C797-2C5D-4090-BEBE-A1C2CE40F35D}.Release|Any CPU.Build.0 = Release|Any CPU
	EndGlobalSection
	GlobalSection(SolutionProperties) = preSolution
		HideSolutionNode = FALSE
	EndGlobalSection
	GlobalSection(ExtensibilityGlobals) = postSolution
		SolutionGuid = {5D78DC2E-DAAE-4782-B6EC-1D4D1DD4EA86}
	EndGlobalSection
EndGlobal
